
Microsoft Visual Studio Solution File, Format Version 12.00
# Visual Studio Version 16
VisualStudioVersion = 16.0.30611.23
MinimumVisualStudioVersion = 10.0.40219.1
Project("{FAE04EC0-301F-11D3-BF4B-00C04F79EFBC}") = "BetterMenu", "BetterMenu\BetterMenu.csproj", "{6A304468-2218-481B-B285-7EEBCD65725E}"
EndProject
Global
	GlobalSection(SolutionConfigurationPlatforms) = preSolution
		Debug|Any CPU = Debug|Any CPU
		Release|Any CPU = Release|Any CPU
	EndGlobalSection
	GlobalSection(ProjectConfigurationPlatforms) = postSolution
		{6A304468-2218-481B-B285-7EEBCD65725E}.Debug|Any CPU.ActiveCfg = Debug|Any CPU
		{6A304468-2218-481B-B285-7EEBCD65725E}.Debug|Any CPU.Build.0 = Debug|Any CPU
		{6A304468-2218-481B-B285-7EEBCD65725E}.Release|Any CPU.ActiveCfg = Release|Any CPU
		{6A304468-2218-481B-B285-7EEBCD65725E}.Release|Any CPU.Build.0 = Release|Any CPU
	EndGlobalSection
	GlobalSection(SolutionProperties) = preSolution
		HideSolutionNode = FALSE
	EndGlobalSection
	GlobalSection(ExtensibilityGlobals) = postSolution
		SolutionGuid = {212C3568-1DFD-44E8-B5AC-7001D4C3B467}
	EndGlobalSection
EndGlobal
